# This file is automatically @generated by Cargo.
# It is not intended for manual editing.
version = 3

[[package]]
name = "cargo-tighterror"
version = "0.0.1"
dependencies = [
 "tighterror-build",
]

[[package]]
name = "tighterror"
version = "0.0.1"

[[package]]
name = "tighterror-build"
version = "0.0.1"
